// !$*UTF8*$!
{
	archiveVersion = 1;
	classes = {
	};
	objectVersion = 60;
	objects = {

/* Begin PBXBuildFile section */
		7D0533992B60AE9C001056D4 /* SwiftyCropDemoApp.swift in Sources */ = {isa = PBXBuildFile; fileRef = 7D0533982B60AE9C001056D4 /* SwiftyCropDemoApp.swift */; };
		7D05339B2B60AE9C001056D4 /* ContentView.swift in Sources */ = {isa = PBXBuildFile; fileRef = 7D05339A2B60AE9C001056D4 /* ContentView.swift */; };
		7D05339D2B60AE9D001056D4 /* Assets.xcassets in Resources */ = {isa = PBXBuildFile; fileRef = 7D05339C2B60AE9D001056D4 /* Assets.xcassets */; };
		7D0533A02B60AE9D001056D4 /* Preview Assets.xcassets in Resources */ = {isa = PBXBuildFile; fileRef = 7D05339F2B60AE9D001056D4 /* Preview Assets.xcassets */; };
		7D0533A82B60AFE0001056D4 /* SwiftyCrop in Frameworks */ = {isa = PBXBuildFile; productRef = 7D0533A72B60AFE0001056D4 /* SwiftyCrop */; };
		7D3848F22B61888F009AF289 /* LongText.swift in Sources */ = {isa = PBXBuildFile; fileRef = 7D3848F12B61888F009AF289 /* LongText.swift */; };
		BA4737712BCE6ED500DC696D /* DecimalTextField.swift in Sources */ = {isa = PBXBuildFile; fileRef = BA4737702BCE6ED500DC696D /* DecimalTextField.swift */; };
/* End PBXBuildFile section */

/* Begin PBXFileReference section */
		7D0533952B60AE9C001056D4 /* SwiftyCropDemo.app */ = {isa = PBXFileReference; explicitFileType = wrapper.application; includeInIndex = 0; path = SwiftyCropDemo.app; sourceTree = BUILT_PRODUCTS_DIR; };
		7D0533982B60AE9C001056D4 /* SwiftyCropDemoApp.swift */ = {isa = PBXFileReference; lastKnownFileType = sourcecode.swift; path = SwiftyCropDemoApp.swift; sourceTree = "<group>"; };
		7D05339A2B60AE9C001056D4 /* ContentView.swift */ = {isa = PBXFileReference; lastKnownFileType = sourcecode.swift; path = ContentView.swift; sourceTree = "<group>"; };
		7D05339C2B60AE9D001056D4 /* Assets.xcassets */ = {isa = PBXFileReference; lastKnownFileType = folder.assetcatalog; path = Assets.xcassets; sourceTree = "<group>"; };
		7D05339F2B60AE9D001056D4 /* Preview Assets.xcassets */ = {isa = PBXFileReference; lastKnownFileType = folder.assetcatalog; path = "Preview Assets.xcassets"; sourceTree = "<group>"; };
		7D0C5DFA2B63F03F004BD980 /* SwiftyCropDemo.xcconfig */ = {isa = PBXFileReference; lastKnownFileType = text.xcconfig; path = SwiftyCropDemo.xcconfig; sourceTree = "<group>"; };
		7D3848F12B61888F009AF289 /* LongText.swift */ = {isa = PBXFileReference; lastKnownFileType = sourcecode.swift; path = LongText.swift; sourceTree = "<group>"; };
		BA4737702BCE6ED500DC696D /* DecimalTextField.swift */ = {isa = PBXFileReference; lastKnownFileType = sourcecode.swift; path = DecimalTextField.swift; sourceTree = "<group>"; };
/* End PBXFileReference section */

/* Begin PBXFrameworksBuildPhase section */
		7D0533922B60AE9C001056D4 /* Frameworks */ = {
			isa = PBXFrameworksBuildPhase;
			buildActionMask = 2147483647;
			files = (
				7D0533A82B60AFE0001056D4 /* SwiftyCrop in Frameworks */,
			);
			runOnlyForDeploymentPostprocessing = 0;
		};
/* End PBXFrameworksBuildPhase section */

/* Begin PBXGroup section */
		7D05338C2B60AE9C001056D4 = {
			isa = PBXGroup;
			children = (
				7D0533972B60AE9C001056D4 /* SwiftyCropDemo */,
				7D0533962B60AE9C001056D4 /* Products */,
			);
			sourceTree = "<group>";
		};
		7D0533962B60AE9C001056D4 /* Products */ = {
			isa = PBXGroup;
			children = (
				7D0533952B60AE9C001056D4 /* SwiftyCropDemo.app */,
			);
			name = Products;
			sourceTree = "<group>";
		};
		7D0533972B60AE9C001056D4 /* SwiftyCropDemo */ = {
			isa = PBXGroup;
			children = (
				BA47376F2BCE6EBE00DC696D /* UIElements */,
				7D05339A2B60AE9C001056D4 /* ContentView.swift */,
				7D0533982B60AE9C001056D4 /* SwiftyCropDemoApp.swift */,
				7D05339C2B60AE9D001056D4 /* Assets.xcassets */,
				7D05339E2B60AE9D001056D4 /* Preview Content */,
				7D0C5DFA2B63F03F004BD980 /* SwiftyCropDemo.xcconfig */,
			);
			path = SwiftyCropDemo;
			sourceTree = "<group>";
		};
		7D05339E2B60AE9D001056D4 /* Preview Content */ = {
			isa = PBXGroup;
			children = (
				7D05339F2B60AE9D001056D4 /* Preview Assets.xcassets */,
			);
			path = "Preview Content";
			sourceTree = "<group>";
		};
		BA47376F2BCE6EBE00DC696D /* UIElements */ = {
			isa = PBXGroup;
			children = (
				7D3848F12B61888F009AF289 /* LongText.swift */,
				BA4737702BCE6ED500DC696D /* DecimalTextField.swift */,
			);
			path = UIElements;
			sourceTree = "<group>";
		};
/* End PBXGroup section */

/* Begin PBXNativeTarget section */
		7D0533942B60AE9C001056D4 /* SwiftyCropDemo */ = {
			isa = PBXNativeTarget;
			buildConfigurationList = 7D0533A32B60AE9D001056D4 /* Build configuration list for PBXNativeTarget "SwiftyCropDemo" */;
			buildPhases = (
				7D0533912B60AE9C001056D4 /* Sources */,
				7D0533922B60AE9C001056D4 /* Frameworks */,
				7D0533932B60AE9C001056D4 /* Resources */,
			);
			buildRules = (
			);
			dependencies = (
			);
			name = SwiftyCropDemo;
			packageProductDependencies = (
				7D0533A72B60AFE0001056D4 /* SwiftyCrop */,
			);
			productName = SwiftyCropDemo;
			productReference = 7D0533952B60AE9C001056D4 /* SwiftyCropDemo.app */;
			productType = "com.apple.product-type.application";
		};
/* End PBXNativeTarget section */

/* Begin PBXProject section */
		7D05338D2B60AE9C001056D4 /* Project object */ = {
			isa = PBXProject;
			attributes = {
				BuildIndependentTargetsInParallel = 1;
				LastSwiftUpdateCheck = 1520;
				LastUpgradeCheck = 1520;
				TargetAttributes = {
					7D0533942B60AE9C001056D4 = {
						CreatedOnToolsVersion = 15.2;
					};
				};
			};
			buildConfigurationList = 7D0533902B60AE9C001056D4 /* Build configuration list for PBXProject "SwiftyCropDemo" */;
			compatibilityVersion = "Xcode 14.0";
			developmentRegion = en;
			hasScannedForEncodings = 0;
			knownRegions = (
				en,
				Base,
			);
			mainGroup = 7D05338C2B60AE9C001056D4;
			packageReferences = (
				7D0533A62B60AFE0001056D4 /* XCLocalSwiftPackageReference ".." */,
			);
			productRefGroup = 7D0533962B60AE9C001056D4 /* Products */;
			projectDirPath = "";
			projectRoot = "";
			targets = (
				7D0533942B60AE9C001056D4 /* SwiftyCropDemo */,
			);
		};
/* End PBXProject section */

/* Begin PBXResourcesBuildPhase section */
		7D0533932B60AE9C001056D4 /* Resources */ = {
			isa = PBXResourcesBuildPhase;
			buildActionMask = 2147483647;
			files = (
				7D0533A02B60AE9D001056D4 /* Preview Assets.xcassets in Resources */,
				7D05339D2B60AE9D001056D4 /* Assets.xcassets in Resources */,
			);
			runOnlyForDeploymentPostprocessing = 0;
		};
/* End PBXResourcesBuildPhase section */

/* Begin PBXSourcesBuildPhase section */
		7D0533912B60AE9C001056D4 /* Sources */ = {
			isa = PBXSourcesBuildPhase;
			buildActionMask = 2147483647;
			files = (
				7D05339B2B60AE9C001056D4 /* ContentView.swift in Sources */,
				BA4737712BCE6ED500DC696D /* DecimalTextField.swift in Sources */,
				7D3848F22B61888F009AF289 /* LongText.swift in Sources */,
				7D0533992B60AE9C001056D4 /* SwiftyCropDemoApp.swift in Sources */,
			);
			runOnlyForDeploymentPostprocessing = 0;
		};
/* End PBXSourcesBuildPhase section */

/* Begin XCBuildConfiguration section */
		7D0533A12B60AE9D001056D4 /* Debug */ = {
			isa = XCBuildConfiguration;
			buildSettings = {
				ALWAYS_SEARCH_USER_PATHS = NO;
				ASSETCATALOG_COMPILER_GENERATE_SWIFT_ASSET_SYMBOL_EXTENSIONS = YES;
				CLANG_ANALYZER_NONNULL = YES;
				CLANG_ANALYZER_NUMBER_OBJECT_CONVERSION = YES_AGGRESSIVE;
				CLANG_CXX_LANGUAGE_STANDARD = "gnu++20";
				CLANG_ENABLE_MODULES = YES;
				CLANG_ENABLE_OBJC_ARC = YES;
				CLANG_ENABLE_OBJC_WEAK = YES;
				CLANG_WARN_BLOCK_CAPTURE_AUTORELEASING = YES;
				CLANG_WARN_BOOL_CONVERSION = YES;
				CLANG_WARN_COMMA = YES;
				CLANG_WARN_CONSTANT_CONVERSION = YES;
				CLANG_WARN_DEPRECATED_OBJC_IMPLEMENTATIONS = YES;
				CLANG_WARN_DIRECT_OBJC_ISA_USAGE = YES_ERROR;
				CLANG_WARN_DOCUMENTATION_COMMENTS = YES;
				CLANG_WARN_EMPTY_BODY = YES;
				CLANG_WARN_ENUM_CONVERSION = YES;
				CLANG_WARN_INFINITE_RECURSION = YES;
				CLANG_WARN_INT_CONVERSION = YES;
				CLANG_WARN_NON_LITERAL_NULL_CONVERSION = YES;
				CLANG_WARN_OBJC_IMPLICIT_RETAIN_SELF = YES;
				CLANG_WARN_OBJC_LITERAL_CONVERSION = YES;
				CLANG_WARN_OBJC_ROOT_CLASS = YES_ERROR;
				CLANG_WARN_QUOTED_INCLUDE_IN_FRAMEWORK_HEADER = YES;
				CLANG_WARN_RANGE_LOOP_ANALYSIS = YES;
				CLANG_WARN_STRICT_PROTOTYPES = YES;
				CLANG_WARN_SUSPICIOUS_MOVE = YES;
				CLANG_WARN_UNGUARDED_AVAILABILITY = YES_AGGRESSIVE;
				CLANG_WARN_UNREACHABLE_CODE = YES;
				CLANG_WARN__DUPLICATE_METHOD_MATCH = YES;
				COPY_PHASE_STRIP = NO;
				DEBUG_INFORMATION_FORMAT = dwarf;
				ENABLE_STRICT_OBJC_MSGSEND = YES;
				ENABLE_TESTABILITY = YES;
				ENABLE_USER_SCRIPT_SANDBOXING = YES;
				GCC_C_LANGUAGE_STANDARD = gnu17;
				GCC_DYNAMIC_NO_PIC = NO;
				GCC_NO_COMMON_BLOCKS = YES;
				GCC_OPTIMIZATION_LEVEL = 0;
				GCC_PREPROCESSOR_DEFINITIONS = (
					"DEBUG=1",
					"$(inherited)",
				);
				GCC_WARN_64_TO_32_BIT_CONVERSION = YES;
				GCC_WARN_ABOUT_RETURN_TYPE = YES_ERROR;
				GCC_WARN_UNDECLARED_SELECTOR = YES;
				GCC_WARN_UNINITIALIZED_AUTOS = YES_AGGRESSIVE;
				GCC_WARN_UNUSED_FUNCTION = YES;
				GCC_WARN_UNUSED_VARIABLE = YES;
				IPHONEOS_DEPLOYMENT_TARGET = 17.2;
				LOCALIZATION_PREFERS_STRING_CATALOGS = YES;
				MTL_ENABLE_DEBUG_INFO = INCLUDE_SOURCE;
				MTL_FAST_MATH = YES;
				ONLY_ACTIVE_ARCH = YES;
				SDKROOT = iphoneos;
				SWIFT_ACTIVE_COMPILATION_CONDITIONS = "DEBUG $(inherited)";
				SWIFT_OPTIMIZATION_LEVEL = "-Onone";
			};
			name = Debug;
		};
		7D0533A22B60AE9D001056D4 /* Release */ = {
			isa = XCBuildConfiguration;
			buildSettings = {
				ALWAYS_SEARCH_USER_PATHS = NO;
				ASSETCATALOG_COMPILER_GENERATE_SWIFT_ASSET_SYMBOL_EXTENSIONS = YES;
				CLANG_ANALYZER_NONNULL = YES;
				CLANG_ANALYZER_NUMBER_OBJECT_CONVERSION = YES_AGGRESSIVE;
				CLANG_CXX_LANGUAGE_STANDARD = "gnu++20";
				CLANG_ENABLE_MODULES = YES;
				CLANG_ENABLE_OBJC_ARC = YES;
				CLANG_ENABLE_OBJC_WEAK = YES;
				CLANG_WARN_BLOCK_CAPTURE_AUTORELEASING = YES;
				CLANG_WARN_BOOL_CONVERSION = YES;
				CLANG_WARN_COMMA = YES;
				CLANG_WARN_CONSTANT_CONVERSION = YES;
				CLANG_WARN_DEPRECATED_OBJC_IMPLEMENTATIONS = YES;
				CLANG_WARN_DIRECT_OBJC_ISA_USAGE = YES_ERROR;
				CLANG_WARN_DOCUMENTATION_COMMENTS = YES;
				CLANG_WARN_EMPTY_BODY = YES;
				CLANG_WARN_ENUM_CONVERSION = YES;
				CLANG_WARN_INFINITE_RECURSION = YES;
				CLANG_WARN_INT_CONVERSION = YES;
				CLANG_WARN_NON_LITERAL_NULL_CONVERSION = YES;
				CLANG_WARN_OBJC_IMPLICIT_RETAIN_SELF = YES;
				CLANG_WARN_OBJC_LITERAL_CONVERSION = YES;
				CLANG_WARN_OBJC_ROOT_CLASS = YES_ERROR;
				CLANG_WARN_QUOTED_INCLUDE_IN_FRAMEWORK_HEADER = YES;
				CLANG_WARN_RANGE_LOOP_ANALYSIS = YES;
				CLANG_WARN_STRICT_PROTOTYPES = YES;
				CLANG_WARN_SUSPICIOUS_MOVE = YES;
				CLANG_WARN_UNGUARDED_AVAILABILITY = YES_AGGRESSIVE;
				CLANG_WARN_UNREACHABLE_CODE = YES;
				CLANG_WARN__DUPLICATE_METHOD_MATCH = YES;
				COPY_PHASE_STRIP = NO;
				DEBUG_INFORMATION_FORMAT = "dwarf-with-dsym";
				ENABLE_NS_ASSERTIONS = NO;
				ENABLE_STRICT_OBJC_MSGSEND = YES;
				ENABLE_USER_SCRIPT_SANDBOXING = YES;
				GCC_C_LANGUAGE_STANDARD = gnu17;
				GCC_NO_COMMON_BLOCKS = YES;
				GCC_WARN_64_TO_32_BIT_CONVERSION = YES;
				GCC_WARN_ABOUT_RETURN_TYPE = YES_ERROR;
				GCC_WARN_UNDECLARED_SELECTOR = YES;
				GCC_WARN_UNINITIALIZED_AUTOS = YES_AGGRESSIVE;
				GCC_WARN_UNUSED_FUNCTION = YES;
				GCC_WARN_UNUSED_VARIABLE = YES;
				IPHONEOS_DEPLOYMENT_TARGET = 17.2;
				LOCALIZATION_PREFERS_STRING_CATALOGS = YES;
				MTL_ENABLE_DEBUG_INFO = NO;
				MTL_FAST_MATH = YES;
				SDKROOT = iphoneos;
				SWIFT_COMPILATION_MODE = wholemodule;
				VALIDATE_PRODUCT = YES;
			};
			name = Release;
		};
		7D0533A42B60AE9D001056D4 /* Debug */ = {
			isa = XCBuildConfiguration;
			buildSettings = {
				ASSETCATALOG_COMPILER_APPICON_NAME = AppIcon;
				ASSETCATALOG_COMPILER_GLOBAL_ACCENT_COLOR_NAME = AccentColor;
				CODE_SIGN_STYLE = Automatic;
				CURRENT_PROJECT_VERSION = 1;
				DEVELOPMENT_ASSET_PATHS = "\"SwiftyCropDemo/Preview Content\"";
				ENABLE_PREVIEWS = YES;
				GENERATE_INFOPLIST_FILE = YES;
				INFOPLIST_KEY_UIApplicationSceneManifest_Generation = YES;
				INFOPLIST_KEY_UIApplicationSupportsIndirectInputEvents = YES;
				INFOPLIST_KEY_UILaunchScreen_Generation = YES;
				INFOPLIST_KEY_UISupportedInterfaceOrientations_iPad = "UIInterfaceOrientationPortrait UIInterfaceOrientationPortraitUpsideDown UIInterfaceOrientationLandscapeLeft UIInterfaceOrientationLandscapeRight";
				INFOPLIST_KEY_UISupportedInterfaceOrientations_iPhone = "UIInterfaceOrientationPortrait UIInterfaceOrientationLandscapeLeft UIInterfaceOrientationLandscapeRight";
				LD_RUNPATH_SEARCH_PATHS = (
					"$(inherited)",
					"@executable_path/Frameworks",
				);
				MARKETING_VERSION = 1.0;
				PRODUCT_BUNDLE_IDENTIFIER = "--PRODUCT-BUNDLE-IDENTIFIER-";
				PRODUCT_NAME = "$(TARGET_NAME)";
				SWIFT_EMIT_LOC_STRINGS = YES;
				SWIFT_VERSION = 5.0;
				TARGETED_DEVICE_FAMILY = "1,2";
			};
			name = Debug;
		};
		7D0533A52B60AE9D001056D4 /* Release */ = {
			isa = XCBuildConfiguration;
			buildSettings = {
				ASSETCATALOG_COMPILER_APPICON_NAME = AppIcon;
				ASSETCATALOG_COMPILER_GLOBAL_ACCENT_COLOR_NAME = AccentColor;
				CODE_SIGN_STYLE = Automatic;
				CURRENT_PROJECT_VERSION = 1;
				DEVELOPMENT_ASSET_PATHS = "\"SwiftyCropDemo/Preview Content\"";
				ENABLE_PREVIEWS = YES;
				GENERATE_INFOPLIST_FILE = YES;
				INFOPLIST_KEY_UIApplicationSceneManifest_Generation = YES;
				INFOPLIST_KEY_UIApplicationSupportsIndirectInputEvents = YES;
				INFOPLIST_KEY_UILaunchScreen_Generation = YES;
				INFOPLIST_KEY_UISupportedInterfaceOrientations_iPad = "UIInterfaceOrientationPortrait UIInterfaceOrientationPortraitUpsideDown UIInterfaceOrientationLandscapeLeft UIInterfaceOrientationLandscapeRight";
				INFOPLIST_KEY_UISupportedInterfaceOrientations_iPhone = "UIInterfaceOrientationPortrait UIInterfaceOrientationLandscapeLeft UIInterfaceOrientationLandscapeRight";
				LD_RUNPATH_SEARCH_PATHS = (
					"$(inherited)",
					"@executable_path/Frameworks",
				);
				MARKETING_VERSION = 1.0;
				PRODUCT_BUNDLE_IDENTIFIER = "--PRODUCT-BUNDLE-IDENTIFIER-";
				PRODUCT_NAME = "$(TARGET_NAME)";
				SWIFT_EMIT_LOC_STRINGS = YES;
				SWIFT_VERSION = 5.0;
				TARGETED_DEVICE_FAMILY = "1,2";
			};
			name = Release;
		};
/* End XCBuildConfiguration section */

/* Begin XCConfigurationList section */
		7D0533902B60AE9C001056D4 /* Build configuration list for PBXProject "SwiftyCropDemo" */ = {
			isa = XCConfigurationList;
			buildConfigurations = (
				7D0533A12B60AE9D001056D4 /* Debug */,
				7D0533A22B60AE9D001056D4 /* Release */,
			);
			defaultConfigurationIsVisible = 0;
			defaultConfigurationName = Release;
		};
		7D0533A32B60AE9D001056D4 /* Build configuration list for PBXNativeTarget "SwiftyCropDemo" */ = {
			isa = XCConfigurationList;
			buildConfigurations = (
				7D0533A42B60AE9D001056D4 /* Debug */,
				7D0533A52B60AE9D001056D4 /* Release */,
			);
			defaultConfigurationIsVisible = 0;
			defaultConfigurationName = Release;
		};
/* End XCConfigurationList section */

/* Begin XCLocalSwiftPackageReference section */
		7D0533A62B60AFE0001056D4 /* XCLocalSwiftPackageReference ".." */ = {
			isa = XCLocalSwiftPackageReference;
			relativePath = ..;
		};
/* End XCLocalSwiftPackageReference section */

/* Begin XCSwiftPackageProductDependency section */
		7D0533A72B60AFE0001056D4 /* SwiftyCrop */ = {
			isa = XCSwiftPackageProductDependency;
			productName = SwiftyCrop;
		};
/* End XCSwiftPackageProductDependency section */
	};
	rootObject = 7D05338D2B60AE9C001056D4 /* Project object */;
}
